
Microsoft Visual Studio Solution File, Format Version 12.00
# Visual Studio Version 16
VisualStudioVersion = 16.0.30804.86
MinimumVisualStudioVersion = 10.0.40219.1
Project("{FAE04EC0-301F-11D3-BF4B-00C04F79EFBC}") = "To.Do.Service", "To.Do.Service\To.Do.Service.csproj", "{9222B095-CEBE-487B-BD76-FF00A54CE0D5}"
EndProject
Global
	GlobalSection(SolutionConfigurationPlatforms) = preSolution
		Debug|Any CPU = Debug|Any CPU
		Release|Any CPU = Release|Any CPU
	EndGlobalSection
	GlobalSection(ProjectConfigurationPlatforms) = postSolution
		{9222B095-CEBE-487B-BD76-FF00A54CE0D5}.Debug|Any CPU.ActiveCfg = Debug|Any CPU
		{9222B095-CEBE-487B-BD76-FF00A54CE0D5}.Debug|Any CPU.Build.0 = Debug|Any CPU
		{9222B095-CEBE-487B-BD76-FF00A54CE0D5}.Release|Any CPU.ActiveCfg = Release|Any CPU
		{9222B095-CEBE-487B-BD76-FF00A54CE0D5}.Release|Any CPU.Build.0 = Release|Any CPU
	EndGlobalSection
	GlobalSection(SolutionProperties) = preSolution
		HideSolutionNode = FALSE
	EndGlobalSection
	GlobalSection(ExtensibilityGlobals) = postSolution
		SolutionGuid = {0C36C75A-65C5-4F68-8D29-323522FF191D}
	EndGlobalSection
EndGlobal
